
Microsoft Visual Studio Solution File, Format Version 12.00
# Visual Studio Version 17
VisualStudioVersion = 17.2.32526.322
MinimumVisualStudioVersion = 10.0.40219.1
Project("{FAE04EC0-301F-11D3-BF4B-00C04F79EFBC}") = "tratando-erros_revisao-csharp", "tratando-erros_revisao-csharp\tratando-erros_revisao-csharp.csproj", "{7516C4CC-A605-437B-8CDE-9E7AB5968BBC}"
EndProject
Global
	GlobalSection(SolutionConfigurationPlatforms) = preSolution
		Debug|Any CPU = Debug|Any CPU
		Release|Any CPU = Release|Any CPU
	EndGlobalSection
	GlobalSection(ProjectConfigurationPlatforms) = postSolution
		{7516C4CC-A605-437B-8CDE-9E7AB5968BBC}.Debug|Any CPU.ActiveCfg = Debug|Any CPU
		{7516C4CC-A605-437B-8CDE-9E7AB5968BBC}.Debug|Any CPU.Build.0 = Debug|Any CPU
		{7516C4CC-A605-437B-8CDE-9E7AB5968BBC}.Release|Any CPU.ActiveCfg = Release|Any CPU
		{7516C4CC-A605-437B-8CDE-9E7AB5968BBC}.Release|Any CPU.Build.0 = Release|Any CPU
	EndGlobalSection
	GlobalSection(SolutionProperties) = preSolution
		HideSolutionNode = FALSE
	EndGlobalSection
	GlobalSection(ExtensibilityGlobals) = postSolution
		SolutionGuid = {9B2B8340-4A87-4363-B106-EF026772014D}
	EndGlobalSection
EndGlobal
